{
  "name": "stories",
  "requires": true,
  "lockfileVersion": 1,
  "dependencies": {
    "jquery": {
      "version": "3.5.1",
      "resolved": "https://registry.npmjs.org/jquery/-/jquery-3.5.1.tgz",
      "integrity": "sha512-XwIBPqcMn57FxfT+Go5pzySnm4KWkT1Tv7gjrpT1srtf8Weynl6R273VJ5GjkRb51IzMp5nbaPjJXMWeju2MKg=="
    },
    "sidr": {
      "version": "2.2.1",
      "resolved": "https://registry.npmjs.org/sidr/-/sidr-2.2.1.tgz",
      "integrity": "sha1-IpE3ZXXSVZ9LDFY/fUDiJN0+zHA=",
      "requires": {
        "jquery": ">=1.4.3"
      }
    }
  }
}
